{
  "version": 4,
  "terraform_version": "1.6.6",
  "serial": 1,
  "lineage": "4130cd4c-a918-afb5-7fb4-83cca9954c67",
  "outputs": {},
  "resources": [
    {
      "mode": "managed",
      "type": "spotify_playlist",
      "name": "Bollywood",
      "provider": "provider[\"registry.terraform.io/conradludgate/spotify\"]",
      "instances": [
        {
          "schema_version": 0,
          "attributes": {
            "description": null,
            "id": "59SuCQnvZ7V1ybaAF9SEfX",
            "name": "Bollywood",
            "public": true,
            "snapshot_id": "AAAAAqK4BsE6qwHlZIlTuqBJk7+Aj7BG",
            "tracks": [
              "131yybV7A3TmC34a0qE8u8"
            ]
          },
          "sensitive_attributes": [],
          "private": "bnVsbA=="
        }
      ]
    }
  ],
  "check_results": null
}
